// !$*UTF8*$!
{
	archiveVersion = 1;
	classes = {
	};
	objectVersion = 56;
	objects = {

/* Begin PBXBuildFile section */
		F14C4A9E29E886BC003DDE33 /* AppDelegate.swift in Sources */ = {isa = PBXBuildFile; fileRef = F14C4A9D29E886BC003DDE33 /* AppDelegate.swift */; };
		F14C4AA029E886BC003DDE33 /* SceneDelegate.swift in Sources */ = {isa = PBXBuildFile; fileRef = F14C4A9F29E886BC003DDE33 /* SceneDelegate.swift */; };
		F14C4AA229E886BC003DDE33 /* ViewController.swift in Sources */ = {isa = PBXBuildFile; fileRef = F14C4AA129E886BC003DDE33 /* ViewController.swift */; };
		F14C4AA729E886BE003DDE33 /* Assets.xcassets in Resources */ = {isa = PBXBuildFile; fileRef = F14C4AA629E886BE003DDE33 /* Assets.xcassets */; };
		F14C4AAA29E886BE003DDE33 /* LaunchScreen.storyboard in Resources */ = {isa = PBXBuildFile; fileRef = F14C4AA829E886BE003DDE33 /* LaunchScreen.storyboard */; };
		F14C4AB229E886ED003DDE33 /* Vitamin.swift in Sources */ = {isa = PBXBuildFile; fileRef = F14C4AB129E886ED003DDE33 /* Vitamin.swift */; };
		F14C4AB429E88718003DDE33 /* VitaminDetailViewController.swift in Sources */ = {isa = PBXBuildFile; fileRef = F14C4AB329E88718003DDE33 /* VitaminDetailViewController.swift */; };
		F14C4AD629E898CA003DDE33 /* AddEditVitaminViewController.swift in Sources */ = {isa = PBXBuildFile; fileRef = F14C4AD529E898CA003DDE33 /* AddEditVitaminViewController.swift */; };
/* End PBXBuildFile section */

/* Begin PBXFileReference section */
		F14C4A9A29E886BC003DDE33 /* VitaminReminder.app */ = {isa = PBXFileReference; explicitFileType = wrapper.application; includeInIndex = 0; path = VitaminReminder.app; sourceTree = BUILT_PRODUCTS_DIR; };
		F14C4A9D29E886BC003DDE33 /* AppDelegate.swift */ = {isa = PBXFileReference; lastKnownFileType = sourcecode.swift; path = AppDelegate.swift; sourceTree = "<group>"; };
		F14C4A9F29E886BC003DDE33 /* SceneDelegate.swift */ = {isa = PBXFileReference; lastKnownFileType = sourcecode.swift; path = SceneDelegate.swift; sourceTree = "<group>"; };
		F14C4AA129E886BC003DDE33 /* ViewController.swift */ = {isa = PBXFileReference; lastKnownFileType = sourcecode.swift; path = ViewController.swift; sourceTree = "<group>"; };
		F14C4AA629E886BE003DDE33 /* Assets.xcassets */ = {isa = PBXFileReference; lastKnownFileType = folder.assetcatalog; path = Assets.xcassets; sourceTree = "<group>"; };
		F14C4AA929E886BE003DDE33 /* Base */ = {isa = PBXFileReference; lastKnownFileType = file.storyboard; name = Base; path = Base.lproj/LaunchScreen.storyboard; sourceTree = "<group>"; };
		F14C4AAB29E886BE003DDE33 /* Info.plist */ = {isa = PBXFileReference; lastKnownFileType = text.plist.xml; path = Info.plist; sourceTree = "<group>"; };
		F14C4AB129E886ED003DDE33 /* Vitamin.swift */ = {isa = PBXFileReference; lastKnownFileType = sourcecode.swift; path = Vitamin.swift; sourceTree = "<group>"; };
		F14C4AB329E88718003DDE33 /* VitaminDetailViewController.swift */ = {isa = PBXFileReference; lastKnownFileType = sourcecode.swift; path = VitaminDetailViewController.swift; sourceTree = "<group>"; };
		F14C4AD529E898CA003DDE33 /* AddEditVitaminViewController.swift */ = {isa = PBXFileReference; lastKnownFileType = sourcecode.swift; path = AddEditVitaminViewController.swift; sourceTree = "<group>"; };
/* End PBXFileReference section */

/* Begin PBXFrameworksBuildPhase section */
		F14C4A9729E886BC003DDE33 /* Frameworks */ = {
			isa = PBXFrameworksBuildPhase;
			buildActionMask = 2147483647;
			files = (
			);
			runOnlyForDeploymentPostprocessing = 0;
		};
/* End PBXFrameworksBuildPhase section */

/* Begin PBXGroup section */
		F14C4A9129E886BC003DDE33 = {
			isa = PBXGroup;
			children = (
				F14C4A9C29E886BC003DDE33 /* VitaminReminder */,
				F14C4A9B29E886BC003DDE33 /* Products */,
			);
			sourceTree = "<group>";
		};
		F14C4A9B29E886BC003DDE33 /* Products */ = {
			isa = PBXGroup;
			children = (
				F14C4A9A29E886BC003DDE33 /* VitaminReminder.app */,
			);
			name = Products;
			sourceTree = "<group>";
		};
		F14C4A9C29E886BC003DDE33 /* VitaminReminder */ = {
			isa = PBXGroup;
			children = (
				F14C4A9D29E886BC003DDE33 /* AppDelegate.swift */,
				F14C4A9F29E886BC003DDE33 /* SceneDelegate.swift */,
				F14C4AB129E886ED003DDE33 /* Vitamin.swift */,
				F14C4AD529E898CA003DDE33 /* AddEditVitaminViewController.swift */,
				F14C4AA129E886BC003DDE33 /* ViewController.swift */,
				F14C4AB329E88718003DDE33 /* VitaminDetailViewController.swift */,
				F14C4AA629E886BE003DDE33 /* Assets.xcassets */,
				F14C4AA829E886BE003DDE33 /* LaunchScreen.storyboard */,
				F14C4AAB29E886BE003DDE33 /* Info.plist */,
			);
			path = VitaminReminder;
			sourceTree = "<group>";
		};
/* End PBXGroup section */

/* Begin PBXNativeTarget section */
		F14C4A9929E886BC003DDE33 /* VitaminReminder */ = {
			isa = PBXNativeTarget;
			buildConfigurationList = F14C4AAE29E886BE003DDE33 /* Build configuration list for PBXNativeTarget "VitaminReminder" */;
			buildPhases = (
				F14C4A9629E886BC003DDE33 /* Sources */,
				F14C4A9729E886BC003DDE33 /* Frameworks */,
				F14C4A9829E886BC003DDE33 /* Resources */,
			);
			buildRules = (
			);
			dependencies = (
			);
			name = VitaminReminder;
			productName = VitaminReminder;
			productReference = F14C4A9A29E886BC003DDE33 /* VitaminReminder.app */;
			productType = "com.apple.product-type.application";
		};
/* End PBXNativeTarget section */

/* Begin PBXProject section */
		F14C4A9229E886BC003DDE33 /* Project object */ = {
			isa = PBXProject;
			attributes = {
				BuildIndependentTargetsInParallel = 1;
				LastSwiftUpdateCheck = 1430;
				LastUpgradeCheck = 1430;
				TargetAttributes = {
					F14C4A9929E886BC003DDE33 = {
						CreatedOnToolsVersion = 14.3;
					};
				};
			};
			buildConfigurationList = F14C4A9529E886BC003DDE33 /* Build configuration list for PBXProject "VitaminReminder" */;
			compatibilityVersion = "Xcode 14.0";
			developmentRegion = en;
			hasScannedForEncodings = 0;
			knownRegions = (
				en,
				Base,
			);
			mainGroup = F14C4A9129E886BC003DDE33;
			productRefGroup = F14C4A9B29E886BC003DDE33 /* Products */;
			projectDirPath = "";
			projectRoot = "";
			targets = (
				F14C4A9929E886BC003DDE33 /* VitaminReminder */,
			);
		};
/* End PBXProject section */

/* Begin PBXResourcesBuildPhase section */
		F14C4A9829E886BC003DDE33 /* Resources */ = {
			isa = PBXResourcesBuildPhase;
			buildActionMask = 2147483647;
			files = (
				F14C4AAA29E886BE003DDE33 /* LaunchScreen.storyboard in Resources */,
				F14C4AA729E886BE003DDE33 /* Assets.xcassets in Resources */,
			);
			runOnlyForDeploymentPostprocessing = 0;
		};
/* End PBXResourcesBuildPhase section */

/* Begin PBXSourcesBuildPhase section */
		F14C4A9629E886BC003DDE33 /* Sources */ = {
			isa = PBXSourcesBuildPhase;
			buildActionMask = 2147483647;
			files = (
				F14C4AB229E886ED003DDE33 /* Vitamin.swift in Sources */,
				F14C4AB429E88718003DDE33 /* VitaminDetailViewController.swift in Sources */,
				F14C4AA229E886BC003DDE33 /* ViewController.swift in Sources */,
				F14C4AD629E898CA003DDE33 /* AddEditVitaminViewController.swift in Sources */,
				F14C4A9E29E886BC003DDE33 /* AppDelegate.swift in Sources */,
				F14C4AA029E886BC003DDE33 /* SceneDelegate.swift in Sources */,
			);
			runOnlyForDeploymentPostprocessing = 0;
		};
/* End PBXSourcesBuildPhase section */

/* Begin PBXVariantGroup section */
		F14C4AA829E886BE003DDE33 /* LaunchScreen.storyboard */ = {
			isa = PBXVariantGroup;
			children = (
				F14C4AA929E886BE003DDE33 /* Base */,
			);
			name = LaunchScreen.storyboard;
			sourceTree = "<group>";
		};
/* End PBXVariantGroup section */

/* Begin XCBuildConfiguration section */
		F14C4AAC29E886BE003DDE33 /* Debug */ = {
			isa = XCBuildConfiguration;
			buildSettings = {
				ALWAYS_SEARCH_USER_PATHS = NO;
				CLANG_ANALYZER_NONNULL = YES;
				CLANG_ANALYZER_NUMBER_OBJECT_CONVERSION = YES_AGGRESSIVE;
				CLANG_CXX_LANGUAGE_STANDARD = "gnu++20";
				CLANG_ENABLE_MODULES = YES;
				CLANG_ENABLE_OBJC_ARC = YES;
				CLANG_ENABLE_OBJC_WEAK = YES;
				CLANG_WARN_BLOCK_CAPTURE_AUTORELEASING = YES;
				CLANG_WARN_BOOL_CONVERSION = YES;
				CLANG_WARN_COMMA = YES;
				CLANG_WARN_CONSTANT_CONVERSION = YES;
				CLANG_WARN_DEPRECATED_OBJC_IMPLEMENTATIONS = YES;
				CLANG_WARN_DIRECT_OBJC_ISA_USAGE = YES_ERROR;
				CLANG_WARN_DOCUMENTATION_COMMENTS = YES;
				CLANG_WARN_EMPTY_BODY = YES;
				CLANG_WARN_ENUM_CONVERSION = YES;
				CLANG_WARN_INFINITE_RECURSION = YES;
				CLANG_WARN_INT_CONVERSION = YES;
				CLANG_WARN_NON_LITERAL_NULL_CONVERSION = YES;
				CLANG_WARN_OBJC_IMPLICIT_RETAIN_SELF = YES;
				CLANG_WARN_OBJC_LITERAL_CONVERSION = YES;
				CLANG_WARN_OBJC_ROOT_CLASS = YES_ERROR;
				CLANG_WARN_QUOTED_INCLUDE_IN_FRAMEWORK_HEADER = YES;
				CLANG_WARN_RANGE_LOOP_ANALYSIS = YES;
				CLANG_WARN_STRICT_PROTOTYPES = YES;
				CLANG_WARN_SUSPICIOUS_MOVE = YES;
				CLANG_WARN_UNGUARDED_AVAILABILITY = YES_AGGRESSIVE;
				CLANG_WARN_UNREACHABLE_CODE = YES;
				CLANG_WARN__DUPLICATE_METHOD_MATCH = YES;
				COPY_PHASE_STRIP = NO;
				DEBUG_INFORMATION_FORMAT = dwarf;
				ENABLE_STRICT_OBJC_MSGSEND = YES;
				ENABLE_TESTABILITY = YES;
				GCC_C_LANGUAGE_STANDARD = gnu11;
				GCC_DYNAMIC_NO_PIC = NO;
				GCC_NO_COMMON_BLOCKS = YES;
				GCC_OPTIMIZATION_LEVEL = 0;
				GCC_PREPROCESSOR_DEFINITIONS = (
					"DEBUG=1",
					"$(inherited)",
				);
				GCC_WARN_64_TO_32_BIT_CONVERSION = YES;
				GCC_WARN_ABOUT_RETURN_TYPE = YES_ERROR;
				GCC_WARN_UNDECLARED_SELECTOR = YES;
				GCC_WARN_UNINITIALIZED_AUTOS = YES_AGGRESSIVE;
				GCC_WARN_UNUSED_FUNCTION = YES;
				GCC_WARN_UNUSED_VARIABLE = YES;
				IPHONEOS_DEPLOYMENT_TARGET = 16.4;
				MTL_ENABLE_DEBUG_INFO = INCLUDE_SOURCE;
				MTL_FAST_MATH = YES;
				ONLY_ACTIVE_ARCH = YES;
				SDKROOT = iphoneos;
				SWIFT_ACTIVE_COMPILATION_CONDITIONS = DEBUG;
				SWIFT_OPTIMIZATION_LEVEL = "-Onone";
			};
			name = Debug;
		};
		F14C4AAD29E886BE003DDE33 /* Release */ = {
			isa = XCBuildConfiguration;
			buildSettings = {
				ALWAYS_SEARCH_USER_PATHS = NO;
				CLANG_ANALYZER_NONNULL = YES;
				CLANG_ANALYZER_NUMBER_OBJECT_CONVERSION = YES_AGGRESSIVE;
				CLANG_CXX_LANGUAGE_STANDARD = "gnu++20";
				CLANG_ENABLE_MODULES = YES;
				CLANG_ENABLE_OBJC_ARC = YES;
				CLANG_ENABLE_OBJC_WEAK = YES;
				CLANG_WARN_BLOCK_CAPTURE_AUTORELEASING = YES;
				CLANG_WARN_BOOL_CONVERSION = YES;
				CLANG_WARN_COMMA = YES;
				CLANG_WARN_CONSTANT_CONVERSION = YES;
				CLANG_WARN_DEPRECATED_OBJC_IMPLEMENTATIONS = YES;
				CLANG_WARN_DIRECT_OBJC_ISA_USAGE = YES_ERROR;
				CLANG_WARN_DOCUMENTATION_COMMENTS = YES;
				CLANG_WARN_EMPTY_BODY = YES;
				CLANG_WARN_ENUM_CONVERSION = YES;
				CLANG_WARN_INFINITE_RECURSION = YES;
				CLANG_WARN_INT_CONVERSION = YES;
				CLANG_WARN_NON_LITERAL_NULL_CONVERSION = YES;
				CLANG_WARN_OBJC_IMPLICIT_RETAIN_SELF = YES;
				CLANG_WARN_OBJC_LITERAL_CONVERSION = YES;
				CLANG_WARN_OBJC_ROOT_CLASS = YES_ERROR;
				CLANG_WARN_QUOTED_INCLUDE_IN_FRAMEWORK_HEADER = YES;
				CLANG_WARN_RANGE_LOOP_ANALYSIS = YES;
				CLANG_WARN_STRICT_PROTOTYPES = YES;
				CLANG_WARN_SUSPICIOUS_MOVE = YES;
				CLANG_WARN_UNGUARDED_AVAILABILITY = YES_AGGRESSIVE;
				CLANG_WARN_UNREACHABLE_CODE = YES;
				CLANG_WARN__DUPLICATE_METHOD_MATCH = YES;
				COPY_PHASE_STRIP = NO;
				DEBUG_INFORMATION_FORMAT = "dwarf-with-dsym";
				ENABLE_NS_ASSERTIONS = NO;
				ENABLE_STRICT_OBJC_MSGSEND = YES;
				GCC_C_LANGUAGE_STANDARD = gnu11;
				GCC_NO_COMMON_BLOCKS = YES;
				GCC_WARN_64_TO_32_BIT_CONVERSION = YES;
				GCC_WARN_ABOUT_RETURN_TYPE = YES_ERROR;
				GCC_WARN_UNDECLARED_SELECTOR = YES;
				GCC_WARN_UNINITIALIZED_AUTOS = YES_AGGRESSIVE;
				GCC_WARN_UNUSED_FUNCTION = YES;
				GCC_WARN_UNUSED_VARIABLE = YES;
				IPHONEOS_DEPLOYMENT_TARGET = 16.4;
				MTL_ENABLE_DEBUG_INFO = NO;
				MTL_FAST_MATH = YES;
				SDKROOT = iphoneos;
				SWIFT_COMPILATION_MODE = wholemodule;
				SWIFT_OPTIMIZATION_LEVEL = "-O";
				VALIDATE_PRODUCT = YES;
			};
			name = Release;
		};
		F14C4AAF29E886BE003DDE33 /* Debug */ = {
			isa = XCBuildConfiguration;
			buildSettings = {
				ASSETCATALOG_COMPILER_APPICON_NAME = AppIcon;
				ASSETCATALOG_COMPILER_GLOBAL_ACCENT_COLOR_NAME = AccentColor;
				CODE_SIGN_STYLE = Automatic;
				CURRENT_PROJECT_VERSION = 1;
				DEVELOPMENT_TEAM = JS2RWS47H9;
				GENERATE_INFOPLIST_FILE = YES;
				INFOPLIST_FILE = VitaminReminder/Info.plist;
				INFOPLIST_KEY_UIApplicationSupportsIndirectInputEvents = YES;
				INFOPLIST_KEY_UILaunchStoryboardName = LaunchScreen;
				INFOPLIST_KEY_UISupportedInterfaceOrientations_iPad = "UIInterfaceOrientationPortrait UIInterfaceOrientationPortraitUpsideDown UIInterfaceOrientationLandscapeLeft UIInterfaceOrientationLandscapeRight";
				INFOPLIST_KEY_UISupportedInterfaceOrientations_iPhone = "UIInterfaceOrientationPortrait UIInterfaceOrientationLandscapeLeft UIInterfaceOrientationLandscapeRight";
				LD_RUNPATH_SEARCH_PATHS = (
					"$(inherited)",
					"@executable_path/Frameworks",
				);
				MARKETING_VERSION = 1.0;
				PRODUCT_BUNDLE_IDENTIFIER = OdrovVsevolod.VitaminReminder;
				PRODUCT_NAME = "$(TARGET_NAME)";
				SWIFT_EMIT_LOC_STRINGS = YES;
				SWIFT_VERSION = 5.0;
				TARGETED_DEVICE_FAMILY = "1,2";
			};
			name = Debug;
		};
		F14C4AB029E886BE003DDE33 /* Release */ = {
			isa = XCBuildConfiguration;
			buildSettings = {
				ASSETCATALOG_COMPILER_APPICON_NAME = AppIcon;
				ASSETCATALOG_COMPILER_GLOBAL_ACCENT_COLOR_NAME = AccentColor;
				CODE_SIGN_STYLE = Automatic;
				CURRENT_PROJECT_VERSION = 1;
				DEVELOPMENT_TEAM = JS2RWS47H9;
				GENERATE_INFOPLIST_FILE = YES;
				INFOPLIST_FILE = VitaminReminder/Info.plist;
				INFOPLIST_KEY_UIApplicationSupportsIndirectInputEvents = YES;
				INFOPLIST_KEY_UILaunchStoryboardName = LaunchScreen;
				INFOPLIST_KEY_UISupportedInterfaceOrientations_iPad = "UIInterfaceOrientationPortrait UIInterfaceOrientationPortraitUpsideDown UIInterfaceOrientationLandscapeLeft UIInterfaceOrientationLandscapeRight";
				INFOPLIST_KEY_UISupportedInterfaceOrientations_iPhone = "UIInterfaceOrientationPortrait UIInterfaceOrientationLandscapeLeft UIInterfaceOrientationLandscapeRight";
				LD_RUNPATH_SEARCH_PATHS = (
					"$(inherited)",
					"@executable_path/Frameworks",
				);
				MARKETING_VERSION = 1.0;
				PRODUCT_BUNDLE_IDENTIFIER = OdrovVsevolod.VitaminReminder;
				PRODUCT_NAME = "$(TARGET_NAME)";
				SWIFT_EMIT_LOC_STRINGS = YES;
				SWIFT_VERSION = 5.0;
				TARGETED_DEVICE_FAMILY = "1,2";
			};
			name = Release;
		};
/* End XCBuildConfiguration section */

/* Begin XCConfigurationList section */
		F14C4A9529E886BC003DDE33 /* Build configuration list for PBXProject "VitaminReminder" */ = {
			isa = XCConfigurationList;
			buildConfigurations = (
				F14C4AAC29E886BE003DDE33 /* Debug */,
				F14C4AAD29E886BE003DDE33 /* Release */,
			);
			defaultConfigurationIsVisible = 0;
			defaultConfigurationName = Release;
		};
		F14C4AAE29E886BE003DDE33 /* Build configuration list for PBXNativeTarget "VitaminReminder" */ = {
			isa = XCConfigurationList;
			buildConfigurations = (
				F14C4AAF29E886BE003DDE33 /* Debug */,
				F14C4AB029E886BE003DDE33 /* Release */,
			);
			defaultConfigurationIsVisible = 0;
			defaultConfigurationName = Release;
		};
/* End XCConfigurationList section */
	};
	rootObject = F14C4A9229E886BC003DDE33 /* Project object */;
}
